
Microsoft Visual Studio Solution File, Format Version 12.00
# Visual Studio 15
VisualStudioVersion = 15.0.26730.3
MinimumVisualStudioVersion = 10.0.40219.1
Project("{FAE04EC0-301F-11D3-BF4B-00C04F79EFBC}") = "ObserverEvents", "ObserverEvents\ObserverEvents.csproj", "{BA60A94A-7522-48C2-A747-73A1F45AC82A}"
EndProject
Global
	GlobalSection(SolutionConfigurationPlatforms) = preSolution
		Debug|Any CPU = Debug|Any CPU
		Release|Any CPU = Release|Any CPU
	EndGlobalSection
	GlobalSection(ProjectConfigurationPlatforms) = postSolution
		{BA60A94A-7522-48C2-A747-73A1F45AC82A}.Debug|Any CPU.ActiveCfg = Debug|Any CPU
		{BA60A94A-7522-48C2-A747-73A1F45AC82A}.Debug|Any CPU.Build.0 = Debug|Any CPU
		{BA60A94A-7522-48C2-A747-73A1F45AC82A}.Release|Any CPU.ActiveCfg = Release|Any CPU
		{BA60A94A-7522-48C2-A747-73A1F45AC82A}.Release|Any CPU.Build.0 = Release|Any CPU
	EndGlobalSection
	GlobalSection(SolutionProperties) = preSolution
		HideSolutionNode = FALSE
	EndGlobalSection
	GlobalSection(ExtensibilityGlobals) = postSolution
		SolutionGuid = {5A4B4F09-21F4-4372-9F6C-51EBC0A30AF5}
	EndGlobalSection
EndGlobal
