
Microsoft Visual Studio Solution File, Format Version 12.00
# Visual Studio 15
VisualStudioVersion = 15.0.26730.3
MinimumVisualStudioVersion = 10.0.40219.1
Project("{FAE04EC0-301F-11D3-BF4B-00C04F79EFBC}") = "Filter", "Filter\Filter.csproj", "{2B1DC853-0A55-436E-B63D-B3756FC1C335}"
EndProject
Global
	GlobalSection(SolutionConfigurationPlatforms) = preSolution
		Debug|Any CPU = Debug|Any CPU
		Release|Any CPU = Release|Any CPU
	EndGlobalSection
	GlobalSection(ProjectConfigurationPlatforms) = postSolution
		{2B1DC853-0A55-436E-B63D-B3756FC1C335}.Debug|Any CPU.ActiveCfg = Debug|Any CPU
		{2B1DC853-0A55-436E-B63D-B3756FC1C335}.Debug|Any CPU.Build.0 = Debug|Any CPU
		{2B1DC853-0A55-436E-B63D-B3756FC1C335}.Release|Any CPU.ActiveCfg = Release|Any CPU
		{2B1DC853-0A55-436E-B63D-B3756FC1C335}.Release|Any CPU.Build.0 = Release|Any CPU
	EndGlobalSection
	GlobalSection(SolutionProperties) = preSolution
		HideSolutionNode = FALSE
	EndGlobalSection
	GlobalSection(ExtensibilityGlobals) = postSolution
		SolutionGuid = {73AB2F83-B897-45EF-9941-3BDBE0F3586F}
	EndGlobalSection
EndGlobal
